
Microsoft Visual Studio Solution File, Format Version 12.00
# Visual Studio 14
VisualStudioVersion = 14.0.25420.1
MinimumVisualStudioVersion = 10.0.40219.1
Project("{2150E333-8FDC-42A3-9474-1A3956D46DE8}") = "Strategy", "Strategy", "{9B221677-CF54-483D-803C-0F0D4BDB5ED1}"
EndProject
Project("{FAE04EC0-301F-11D3-BF4B-00C04F79EFBC}") = "MiniDuckSimulator", "Strategy\MiniDuckSimulator\MiniDuckSimulator.csproj", "{65B4FACB-5F4A-486F-ADED-C2948B150CD2}"
EndProject
Project("{FAE04EC0-301F-11D3-BF4B-00C04F79EFBC}") = "WeatherStation", "Observer\WeatherStation\WeatherStation.csproj", "{8A53EEA7-3946-45AA-B256-7F9F05B39E22}"
EndProject
Project("{2150E333-8FDC-42A3-9474-1A3956D46DE8}") = "Observer", "Observer", "{39D47366-48B8-45CD-BB77-2E75FA25D101}"
EndProject
Project("{2150E333-8FDC-42A3-9474-1A3956D46DE8}") = "Decorator", "Decorator", "{74BED1EE-A80A-426C-834D-F8FB563B5353}"
EndProject
Project("{FAE04EC0-301F-11D3-BF4B-00C04F79EFBC}") = "Starbuzz", "Decorator\Starbuzz\Starbuzz.csproj", "{FE689D75-71A2-43B3-B5D3-0AB66F131171}"
EndProject
Project("{2150E333-8FDC-42A3-9474-1A3956D46DE8}") = "Factory", "Factory", "{88DAE74E-3B5B-451E-BE8E-06A340AED9F1}"
EndProject
Project("{FAE04EC0-301F-11D3-BF4B-00C04F79EFBC}") = "SimplePizzaFactory", "Factory\SimplePizzaFactory\SimplePizzaFactory.csproj", "{8D1A4E2D-04C2-475E-B8E9-7077759027D3}"
EndProject
Project("{FAE04EC0-301F-11D3-BF4B-00C04F79EFBC}") = "PizzaStoreFactoryMethod", "Factory\PizzaStoreFactoryMethod\PizzaStoreFactoryMethod.csproj", "{F05AD300-072F-4269-890D-164FC547DD84}"
EndProject
Project("{FAE04EC0-301F-11D3-BF4B-00C04F79EFBC}") = "PizzaStoreAbstractFactory", "Factory\PizzaStoreAbstractFactory\PizzaStoreAbstractFactory.csproj", "{1D4E931C-6D00-454F-8E09-10913A3A8010}"
EndProject
Project("{2150E333-8FDC-42A3-9474-1A3956D46DE8}") = "Singleton", "Singleton", "{DA47ECE8-3DC2-4E2F-9724-29CB22028DF3}"
EndProject
Project("{FAE04EC0-301F-11D3-BF4B-00C04F79EFBC}") = "ThreadUnsafeChocolateBoiler", "Singleton\ThreadUnsafeChocolateBoiler\ThreadUnsafeChocolateBoiler.csproj", "{0D2A4FEE-E7B2-403C-B0D5-47A17F99EBB7}"
EndProject
Project("{FAE04EC0-301F-11D3-BF4B-00C04F79EFBC}") = "SimpleThreadSafeChocolateBoiler", "Singleton\SimpleThreadSafeChocolateBoiler\SimpleThreadSafeChocolateBoiler.csproj", "{2EB54E6B-6A8A-4111-A493-9CD33FF5D127}"
EndProject
Project("{FAE04EC0-301F-11D3-BF4B-00C04F79EFBC}") = "LazyThreadSafeChocolateBuilder", "Singleton\LazyThreadSafeChocolateBuilder\LazyThreadSafeChocolateBuilder.csproj", "{D096D230-C26A-49B4-8F5B-98FCC7D23DC2}"
EndProject
Project("{2150E333-8FDC-42A3-9474-1A3956D46DE8}") = "Command", "Command", "{85271A2B-C02C-470F-8432-B137A628CC44}"
EndProject
Project("{FAE04EC0-301F-11D3-BF4B-00C04F79EFBC}") = "SimpleRemoteControl", "Command\SimpleRemoteControl\SimpleRemoteControl.csproj", "{927CEFB9-D700-4320-9554-182C17D9F8F4}"
EndProject
Project("{FAE04EC0-301F-11D3-BF4B-00C04F79EFBC}") = "RemoteControl", "Command\RemoteControl\RemoteControl.csproj", "{E69DFC34-FBEF-4FA8-8E26-DB322C6F9AC2}"
EndProject
Project("{FAE04EC0-301F-11D3-BF4B-00C04F79EFBC}") = "RemoteControlWithUndo", "Command\RemoteControlWithUndo\RemoteControlWithUndo.csproj", "{9B178665-9379-4270-97D0-903D2793B0AF}"
EndProject
Project("{FAE04EC0-301F-11D3-BF4B-00C04F79EFBC}") = "RemoteControlWithPartyMode", "Command\RemoteControlWithPartyMode\RemoteControlWithPartyMode.csproj", "{F6EBAABA-D832-4BED-A738-35F63BB25389}"
EndProject
Project("{2150E333-8FDC-42A3-9474-1A3956D46DE8}") = "Adapter", "Adapter", "{621573A6-1B8C-4797-BEDB-C953A021A52F}"
EndProject
Project("{FAE04EC0-301F-11D3-BF4B-00C04F79EFBC}") = "DuckAdapter", "Adapter\DuckAdapter\DuckAdapter.csproj", "{2F809FD8-6365-4502-91E4-4D92A25E9369}"
EndProject
Project("{2150E333-8FDC-42A3-9474-1A3956D46DE8}") = "Facade", "Facade", "{E0984B43-A5A2-42BD-865D-B283EB374908}"
EndProject
Project("{FAE04EC0-301F-11D3-BF4B-00C04F79EFBC}") = "HomeTheater", "Facade\HomeTheater\HomeTheater.csproj", "{7184CD6A-9CF7-41E2-AFD9-BACBF207773C}"
EndProject
Project("{2150E333-8FDC-42A3-9474-1A3956D46DE8}") = "Template Method", "Template Method", "{8471CBA4-CDAA-4A39-8A9B-97EBBD581E38}"
EndProject
Project("{FAE04EC0-301F-11D3-BF4B-00C04F79EFBC}") = "SimpleBarista", "Template Method\SimpleBarista\SimpleBarista.csproj", "{20D328FA-CF16-4AEA-AAC4-8CCAEE1B6975}"
EndProject
Project("{FAE04EC0-301F-11D3-BF4B-00C04F79EFBC}") = "Barista", "Template Method\Barista\Barista.csproj", "{8A759287-2EB4-4870-B186-8B8A0E624E8F}"
EndProject
Project("{FAE04EC0-301F-11D3-BF4B-00C04F79EFBC}") = "BaristaWithHook", "Template Method\BaristaWithHook\BaristaWithHook.csproj", "{18DE66B1-3ABE-4F75-A289-E7871F0E486F}"
EndProject
Project("{FAE04EC0-301F-11D3-BF4B-00C04F79EFBC}") = "DuckSorter", "Template Method\DuckSorter\DuckSorter.csproj", "{8DE5A968-F935-47B4-AD91-B9D2AE3519B3}"
EndProject
Project("{2150E333-8FDC-42A3-9474-1A3956D46DE8}") = "Iterator", "Iterator", "{D64E2FA6-B9AE-4AA1-8584-B538727ED1BC}"
EndProject
Project("{FAE04EC0-301F-11D3-BF4B-00C04F79EFBC}") = "SimpleWaitress", "Iterator\SimpleWaitress\SimpleWaitress.csproj", "{FD3D474D-A58C-4222-8088-3DBCEF79B979}"
EndProject
Project("{FAE04EC0-301F-11D3-BF4B-00C04F79EFBC}") = "MenuWithIterator", "Iterator\MenuWithIterator\MenuWithIterator.csproj", "{B34C6B93-C7A0-403B-B7FA-41F526C26331}"
EndProject
Project("{FAE04EC0-301F-11D3-BF4B-00C04F79EFBC}") = "MenuWithEnumerator", "Iterator\MenuWithEnumerator\MenuWithEnumerator.csproj", "{59E11F6C-F1CB-4BD7-8B01-B96950842BA6}"
EndProject
Project("{FAE04EC0-301F-11D3-BF4B-00C04F79EFBC}") = "MenuWithCafe", "Iterator\MenuWithCafe\MenuWithCafe.csproj", "{30CCDD4D-9542-4169-A765-8D6FFA7A1F49}"
EndProject
Global
	GlobalSection(SolutionConfigurationPlatforms) = preSolution
		Debug|Any CPU = Debug|Any CPU
		Release|Any CPU = Release|Any CPU
	EndGlobalSection
	GlobalSection(ProjectConfigurationPlatforms) = postSolution
		{65B4FACB-5F4A-486F-ADED-C2948B150CD2}.Debug|Any CPU.ActiveCfg = Debug|Any CPU
		{65B4FACB-5F4A-486F-ADED-C2948B150CD2}.Debug|Any CPU.Build.0 = Debug|Any CPU
		{65B4FACB-5F4A-486F-ADED-C2948B150CD2}.Release|Any CPU.ActiveCfg = Release|Any CPU
		{65B4FACB-5F4A-486F-ADED-C2948B150CD2}.Release|Any CPU.Build.0 = Release|Any CPU
		{8A53EEA7-3946-45AA-B256-7F9F05B39E22}.Debug|Any CPU.ActiveCfg = Debug|Any CPU
		{8A53EEA7-3946-45AA-B256-7F9F05B39E22}.Debug|Any CPU.Build.0 = Debug|Any CPU
		{8A53EEA7-3946-45AA-B256-7F9F05B39E22}.Release|Any CPU.ActiveCfg = Release|Any CPU
		{8A53EEA7-3946-45AA-B256-7F9F05B39E22}.Release|Any CPU.Build.0 = Release|Any CPU
		{FE689D75-71A2-43B3-B5D3-0AB66F131171}.Debug|Any CPU.ActiveCfg = Debug|Any CPU
		{FE689D75-71A2-43B3-B5D3-0AB66F131171}.Debug|Any CPU.Build.0 = Debug|Any CPU
		{FE689D75-71A2-43B3-B5D3-0AB66F131171}.Release|Any CPU.ActiveCfg = Release|Any CPU
		{FE689D75-71A2-43B3-B5D3-0AB66F131171}.Release|Any CPU.Build.0 = Release|Any CPU
		{8D1A4E2D-04C2-475E-B8E9-7077759027D3}.Debug|Any CPU.ActiveCfg = Debug|Any CPU
		{8D1A4E2D-04C2-475E-B8E9-7077759027D3}.Debug|Any CPU.Build.0 = Debug|Any CPU
		{8D1A4E2D-04C2-475E-B8E9-7077759027D3}.Release|Any CPU.ActiveCfg = Release|Any CPU
		{8D1A4E2D-04C2-475E-B8E9-7077759027D3}.Release|Any CPU.Build.0 = Release|Any CPU
		{F05AD300-072F-4269-890D-164FC547DD84}.Debug|Any CPU.ActiveCfg = Debug|Any CPU
		{F05AD300-072F-4269-890D-164FC547DD84}.Debug|Any CPU.Build.0 = Debug|Any CPU
		{F05AD300-072F-4269-890D-164FC547DD84}.Release|Any CPU.ActiveCfg = Release|Any CPU
		{F05AD300-072F-4269-890D-164FC547DD84}.Release|Any CPU.Build.0 = Release|Any CPU
		{1D4E931C-6D00-454F-8E09-10913A3A8010}.Debug|Any CPU.ActiveCfg = Debug|Any CPU
		{1D4E931C-6D00-454F-8E09-10913A3A8010}.Debug|Any CPU.Build.0 = Debug|Any CPU
		{1D4E931C-6D00-454F-8E09-10913A3A8010}.Release|Any CPU.ActiveCfg = Release|Any CPU
		{1D4E931C-6D00-454F-8E09-10913A3A8010}.Release|Any CPU.Build.0 = Release|Any CPU
		{0D2A4FEE-E7B2-403C-B0D5-47A17F99EBB7}.Debug|Any CPU.ActiveCfg = Debug|Any CPU
		{0D2A4FEE-E7B2-403C-B0D5-47A17F99EBB7}.Debug|Any CPU.Build.0 = Debug|Any CPU
		{0D2A4FEE-E7B2-403C-B0D5-47A17F99EBB7}.Release|Any CPU.ActiveCfg = Release|Any CPU
		{0D2A4FEE-E7B2-403C-B0D5-47A17F99EBB7}.Release|Any CPU.Build.0 = Release|Any CPU
		{2EB54E6B-6A8A-4111-A493-9CD33FF5D127}.Debug|Any CPU.ActiveCfg = Debug|Any CPU
		{2EB54E6B-6A8A-4111-A493-9CD33FF5D127}.Debug|Any CPU.Build.0 = Debug|Any CPU
		{2EB54E6B-6A8A-4111-A493-9CD33FF5D127}.Release|Any CPU.ActiveCfg = Release|Any CPU
		{2EB54E6B-6A8A-4111-A493-9CD33FF5D127}.Release|Any CPU.Build.0 = Release|Any CPU
		{D096D230-C26A-49B4-8F5B-98FCC7D23DC2}.Debug|Any CPU.ActiveCfg = Debug|Any CPU
		{D096D230-C26A-49B4-8F5B-98FCC7D23DC2}.Debug|Any CPU.Build.0 = Debug|Any CPU
		{D096D230-C26A-49B4-8F5B-98FCC7D23DC2}.Release|Any CPU.ActiveCfg = Release|Any CPU
		{D096D230-C26A-49B4-8F5B-98FCC7D23DC2}.Release|Any CPU.Build.0 = Release|Any CPU
		{927CEFB9-D700-4320-9554-182C17D9F8F4}.Debug|Any CPU.ActiveCfg = Debug|Any CPU
		{927CEFB9-D700-4320-9554-182C17D9F8F4}.Debug|Any CPU.Build.0 = Debug|Any CPU
		{927CEFB9-D700-4320-9554-182C17D9F8F4}.Release|Any CPU.ActiveCfg = Release|Any CPU
		{927CEFB9-D700-4320-9554-182C17D9F8F4}.Release|Any CPU.Build.0 = Release|Any CPU
		{E69DFC34-FBEF-4FA8-8E26-DB322C6F9AC2}.Debug|Any CPU.ActiveCfg = Debug|Any CPU
		{E69DFC34-FBEF-4FA8-8E26-DB322C6F9AC2}.Debug|Any CPU.Build.0 = Debug|Any CPU
		{E69DFC34-FBEF-4FA8-8E26-DB322C6F9AC2}.Release|Any CPU.ActiveCfg = Release|Any CPU
		{E69DFC34-FBEF-4FA8-8E26-DB322C6F9AC2}.Release|Any CPU.Build.0 = Release|Any CPU
		{9B178665-9379-4270-97D0-903D2793B0AF}.Debug|Any CPU.ActiveCfg = Debug|Any CPU
		{9B178665-9379-4270-97D0-903D2793B0AF}.Debug|Any CPU.Build.0 = Debug|Any CPU
		{9B178665-9379-4270-97D0-903D2793B0AF}.Release|Any CPU.ActiveCfg = Release|Any CPU
		{9B178665-9379-4270-97D0-903D2793B0AF}.Release|Any CPU.Build.0 = Release|Any CPU
		{F6EBAABA-D832-4BED-A738-35F63BB25389}.Debug|Any CPU.ActiveCfg = Debug|Any CPU
		{F6EBAABA-D832-4BED-A738-35F63BB25389}.Debug|Any CPU.Build.0 = Debug|Any CPU
		{F6EBAABA-D832-4BED-A738-35F63BB25389}.Release|Any CPU.ActiveCfg = Release|Any CPU
		{F6EBAABA-D832-4BED-A738-35F63BB25389}.Release|Any CPU.Build.0 = Release|Any CPU
		{2F809FD8-6365-4502-91E4-4D92A25E9369}.Debug|Any CPU.ActiveCfg = Debug|Any CPU
		{2F809FD8-6365-4502-91E4-4D92A25E9369}.Debug|Any CPU.Build.0 = Debug|Any CPU
		{2F809FD8-6365-4502-91E4-4D92A25E9369}.Release|Any CPU.ActiveCfg = Release|Any CPU
		{2F809FD8-6365-4502-91E4-4D92A25E9369}.Release|Any CPU.Build.0 = Release|Any CPU
		{7184CD6A-9CF7-41E2-AFD9-BACBF207773C}.Debug|Any CPU.ActiveCfg = Debug|Any CPU
		{7184CD6A-9CF7-41E2-AFD9-BACBF207773C}.Debug|Any CPU.Build.0 = Debug|Any CPU
		{7184CD6A-9CF7-41E2-AFD9-BACBF207773C}.Release|Any CPU.ActiveCfg = Release|Any CPU
		{7184CD6A-9CF7-41E2-AFD9-BACBF207773C}.Release|Any CPU.Build.0 = Release|Any CPU
		{20D328FA-CF16-4AEA-AAC4-8CCAEE1B6975}.Debug|Any CPU.ActiveCfg = Debug|Any CPU
		{20D328FA-CF16-4AEA-AAC4-8CCAEE1B6975}.Debug|Any CPU.Build.0 = Debug|Any CPU
		{20D328FA-CF16-4AEA-AAC4-8CCAEE1B6975}.Release|Any CPU.ActiveCfg = Release|Any CPU
		{20D328FA-CF16-4AEA-AAC4-8CCAEE1B6975}.Release|Any CPU.Build.0 = Release|Any CPU
		{8A759287-2EB4-4870-B186-8B8A0E624E8F}.Debug|Any CPU.ActiveCfg = Debug|Any CPU
		{8A759287-2EB4-4870-B186-8B8A0E624E8F}.Debug|Any CPU.Build.0 = Debug|Any CPU
		{8A759287-2EB4-4870-B186-8B8A0E624E8F}.Release|Any CPU.ActiveCfg = Release|Any CPU
		{8A759287-2EB4-4870-B186-8B8A0E624E8F}.Release|Any CPU.Build.0 = Release|Any CPU
		{18DE66B1-3ABE-4F75-A289-E7871F0E486F}.Debug|Any CPU.ActiveCfg = Debug|Any CPU
		{18DE66B1-3ABE-4F75-A289-E7871F0E486F}.Debug|Any CPU.Build.0 = Debug|Any CPU
		{18DE66B1-3ABE-4F75-A289-E7871F0E486F}.Release|Any CPU.ActiveCfg = Release|Any CPU
		{18DE66B1-3ABE-4F75-A289-E7871F0E486F}.Release|Any CPU.Build.0 = Release|Any CPU
		{8DE5A968-F935-47B4-AD91-B9D2AE3519B3}.Debug|Any CPU.ActiveCfg = Debug|Any CPU
		{8DE5A968-F935-47B4-AD91-B9D2AE3519B3}.Debug|Any CPU.Build.0 = Debug|Any CPU
		{8DE5A968-F935-47B4-AD91-B9D2AE3519B3}.Release|Any CPU.ActiveCfg = Release|Any CPU
		{8DE5A968-F935-47B4-AD91-B9D2AE3519B3}.Release|Any CPU.Build.0 = Release|Any CPU
		{FD3D474D-A58C-4222-8088-3DBCEF79B979}.Debug|Any CPU.ActiveCfg = Debug|Any CPU
		{FD3D474D-A58C-4222-8088-3DBCEF79B979}.Debug|Any CPU.Build.0 = Debug|Any CPU
		{FD3D474D-A58C-4222-8088-3DBCEF79B979}.Release|Any CPU.ActiveCfg = Release|Any CPU
		{FD3D474D-A58C-4222-8088-3DBCEF79B979}.Release|Any CPU.Build.0 = Release|Any CPU
		{B34C6B93-C7A0-403B-B7FA-41F526C26331}.Debug|Any CPU.ActiveCfg = Debug|Any CPU
		{B34C6B93-C7A0-403B-B7FA-41F526C26331}.Debug|Any CPU.Build.0 = Debug|Any CPU
		{B34C6B93-C7A0-403B-B7FA-41F526C26331}.Release|Any CPU.ActiveCfg = Release|Any CPU
		{B34C6B93-C7A0-403B-B7FA-41F526C26331}.Release|Any CPU.Build.0 = Release|Any CPU
		{59E11F6C-F1CB-4BD7-8B01-B96950842BA6}.Debug|Any CPU.ActiveCfg = Debug|Any CPU
		{59E11F6C-F1CB-4BD7-8B01-B96950842BA6}.Debug|Any CPU.Build.0 = Debug|Any CPU
		{59E11F6C-F1CB-4BD7-8B01-B96950842BA6}.Release|Any CPU.ActiveCfg = Release|Any CPU
		{59E11F6C-F1CB-4BD7-8B01-B96950842BA6}.Release|Any CPU.Build.0 = Release|Any CPU
		{30CCDD4D-9542-4169-A765-8D6FFA7A1F49}.Debug|Any CPU.ActiveCfg = Debug|Any CPU
		{30CCDD4D-9542-4169-A765-8D6FFA7A1F49}.Debug|Any CPU.Build.0 = Debug|Any CPU
		{30CCDD4D-9542-4169-A765-8D6FFA7A1F49}.Release|Any CPU.ActiveCfg = Release|Any CPU
		{30CCDD4D-9542-4169-A765-8D6FFA7A1F49}.Release|Any CPU.Build.0 = Release|Any CPU
	EndGlobalSection
	GlobalSection(SolutionProperties) = preSolution
		HideSolutionNode = FALSE
	EndGlobalSection
	GlobalSection(NestedProjects) = preSolution
		{65B4FACB-5F4A-486F-ADED-C2948B150CD2} = {9B221677-CF54-483D-803C-0F0D4BDB5ED1}
		{8A53EEA7-3946-45AA-B256-7F9F05B39E22} = {39D47366-48B8-45CD-BB77-2E75FA25D101}
		{FE689D75-71A2-43B3-B5D3-0AB66F131171} = {74BED1EE-A80A-426C-834D-F8FB563B5353}
		{8D1A4E2D-04C2-475E-B8E9-7077759027D3} = {88DAE74E-3B5B-451E-BE8E-06A340AED9F1}
		{F05AD300-072F-4269-890D-164FC547DD84} = {88DAE74E-3B5B-451E-BE8E-06A340AED9F1}
		{1D4E931C-6D00-454F-8E09-10913A3A8010} = {88DAE74E-3B5B-451E-BE8E-06A340AED9F1}
		{0D2A4FEE-E7B2-403C-B0D5-47A17F99EBB7} = {DA47ECE8-3DC2-4E2F-9724-29CB22028DF3}
		{2EB54E6B-6A8A-4111-A493-9CD33FF5D127} = {DA47ECE8-3DC2-4E2F-9724-29CB22028DF3}
		{D096D230-C26A-49B4-8F5B-98FCC7D23DC2} = {DA47ECE8-3DC2-4E2F-9724-29CB22028DF3}
		{927CEFB9-D700-4320-9554-182C17D9F8F4} = {85271A2B-C02C-470F-8432-B137A628CC44}
		{E69DFC34-FBEF-4FA8-8E26-DB322C6F9AC2} = {85271A2B-C02C-470F-8432-B137A628CC44}
		{9B178665-9379-4270-97D0-903D2793B0AF} = {85271A2B-C02C-470F-8432-B137A628CC44}
		{F6EBAABA-D832-4BED-A738-35F63BB25389} = {85271A2B-C02C-470F-8432-B137A628CC44}
		{2F809FD8-6365-4502-91E4-4D92A25E9369} = {621573A6-1B8C-4797-BEDB-C953A021A52F}
		{7184CD6A-9CF7-41E2-AFD9-BACBF207773C} = {E0984B43-A5A2-42BD-865D-B283EB374908}
		{20D328FA-CF16-4AEA-AAC4-8CCAEE1B6975} = {8471CBA4-CDAA-4A39-8A9B-97EBBD581E38}
		{8A759287-2EB4-4870-B186-8B8A0E624E8F} = {8471CBA4-CDAA-4A39-8A9B-97EBBD581E38}
		{18DE66B1-3ABE-4F75-A289-E7871F0E486F} = {8471CBA4-CDAA-4A39-8A9B-97EBBD581E38}
		{8DE5A968-F935-47B4-AD91-B9D2AE3519B3} = {8471CBA4-CDAA-4A39-8A9B-97EBBD581E38}
		{FD3D474D-A58C-4222-8088-3DBCEF79B979} = {D64E2FA6-B9AE-4AA1-8584-B538727ED1BC}
		{B34C6B93-C7A0-403B-B7FA-41F526C26331} = {D64E2FA6-B9AE-4AA1-8584-B538727ED1BC}
		{59E11F6C-F1CB-4BD7-8B01-B96950842BA6} = {D64E2FA6-B9AE-4AA1-8584-B538727ED1BC}
		{30CCDD4D-9542-4169-A765-8D6FFA7A1F49} = {D64E2FA6-B9AE-4AA1-8584-B538727ED1BC}
	EndGlobalSection
EndGlobal
